
Microsoft Visual Studio Solution File, Format Version 12.00
# Visual Studio Version 17
VisualStudioVersion = 17.1.32210.238
MinimumVisualStudioVersion = 10.0.40219.1
Project("{9A19103F-16F7-4668-BE54-9A1E7A4F7556}") = "Bank", "Bank\Bank.csproj", "{F1AFA5BC-E2E3-434C-A0C6-B9818C8957F4}"
EndProject
Project("{FAE04EC0-301F-11D3-BF4B-00C04F79EFBC}") = "BankTest", "BankTest\BankTest.csproj", "{46A10F9F-10F2-4C02-83F5-DD7260A74E14}"
EndProject
Project("{FAE04EC0-301F-11D3-BF4B-00C04F79EFBC}") = "BankAccountTest_2", "BankAccountTest_2\BankAccountTest_2.csproj", "{D7D03677-31E6-4D86-9C75-6894D5A00B63}"
EndProject
Project("{FAE04EC0-301F-11D3-BF4B-00C04F79EFBC}") = "BankAccountTest_3", "BankAccountTest_3\BankAccountTest_3.csproj", "{A792D5FE-6913-412F-96FC-78017F6220B2}"
EndProject
Global
	GlobalSection(SolutionConfigurationPlatforms) = preSolution
		Debug|Any CPU = Debug|Any CPU
		Release|Any CPU = Release|Any CPU
	EndGlobalSection
	GlobalSection(ProjectConfigurationPlatforms) = postSolution
		{F1AFA5BC-E2E3-434C-A0C6-B9818C8957F4}.Debug|Any CPU.ActiveCfg = Debug|Any CPU
		{F1AFA5BC-E2E3-434C-A0C6-B9818C8957F4}.Debug|Any CPU.Build.0 = Debug|Any CPU
		{F1AFA5BC-E2E3-434C-A0C6-B9818C8957F4}.Release|Any CPU.ActiveCfg = Release|Any CPU
		{F1AFA5BC-E2E3-434C-A0C6-B9818C8957F4}.Release|Any CPU.Build.0 = Release|Any CPU
		{46A10F9F-10F2-4C02-83F5-DD7260A74E14}.Debug|Any CPU.ActiveCfg = Debug|Any CPU
		{46A10F9F-10F2-4C02-83F5-DD7260A74E14}.Debug|Any CPU.Build.0 = Debug|Any CPU
		{46A10F9F-10F2-4C02-83F5-DD7260A74E14}.Release|Any CPU.ActiveCfg = Release|Any CPU
		{46A10F9F-10F2-4C02-83F5-DD7260A74E14}.Release|Any CPU.Build.0 = Release|Any CPU
		{D7D03677-31E6-4D86-9C75-6894D5A00B63}.Debug|Any CPU.ActiveCfg = Debug|Any CPU
		{D7D03677-31E6-4D86-9C75-6894D5A00B63}.Debug|Any CPU.Build.0 = Debug|Any CPU
		{D7D03677-31E6-4D86-9C75-6894D5A00B63}.Release|Any CPU.ActiveCfg = Release|Any CPU
		{D7D03677-31E6-4D86-9C75-6894D5A00B63}.Release|Any CPU.Build.0 = Release|Any CPU
		{A792D5FE-6913-412F-96FC-78017F6220B2}.Debug|Any CPU.ActiveCfg = Debug|Any CPU
		{A792D5FE-6913-412F-96FC-78017F6220B2}.Debug|Any CPU.Build.0 = Debug|Any CPU
		{A792D5FE-6913-412F-96FC-78017F6220B2}.Release|Any CPU.ActiveCfg = Release|Any CPU
		{A792D5FE-6913-412F-96FC-78017F6220B2}.Release|Any CPU.Build.0 = Release|Any CPU
	EndGlobalSection
	GlobalSection(SolutionProperties) = preSolution
		HideSolutionNode = FALSE
	EndGlobalSection
	GlobalSection(ExtensibilityGlobals) = postSolution
		SolutionGuid = {920650F1-1018-40DD-B521-AD2C709B64D3}
	EndGlobalSection
EndGlobal
